
Microsoft Visual Studio Solution File, Format Version 12.00
# Visual Studio 15
VisualStudioVersion = 15.0.27428.2037
MinimumVisualStudioVersion = 10.0.40219.1
Project("{8BC9CEB8-8B4A-11D0-8D11-00A0C91BC942}") = "HashtableED2", "HashtableED2\HashtableED2.vcxproj", "{4CC1EC18-77A7-4DBD-B4DE-08FE565EEDC4}"
EndProject
Global
	GlobalSection(SolutionConfigurationPlatforms) = preSolution
		Debug|x64 = Debug|x64
		Debug|x86 = Debug|x86
		Release|x64 = Release|x64
		Release|x86 = Release|x86
	EndGlobalSection
	GlobalSection(ProjectConfigurationPlatforms) = postSolution
		{4CC1EC18-77A7-4DBD-B4DE-08FE565EEDC4}.Debug|x64.ActiveCfg = Debug|x64
		{4CC1EC18-77A7-4DBD-B4DE-08FE565EEDC4}.Debug|x64.Build.0 = Debug|x64
		{4CC1EC18-77A7-4DBD-B4DE-08FE565EEDC4}.Debug|x86.ActiveCfg = Debug|Win32
		{4CC1EC18-77A7-4DBD-B4DE-08FE565EEDC4}.Debug|x86.Build.0 = Debug|Win32
		{4CC1EC18-77A7-4DBD-B4DE-08FE565EEDC4}.Release|x64.ActiveCfg = Release|x64
		{4CC1EC18-77A7-4DBD-B4DE-08FE565EEDC4}.Release|x64.Build.0 = Release|x64
		{4CC1EC18-77A7-4DBD-B4DE-08FE565EEDC4}.Release|x86.ActiveCfg = Release|Win32
		{4CC1EC18-77A7-4DBD-B4DE-08FE565EEDC4}.Release|x86.Build.0 = Release|Win32
	EndGlobalSection
	GlobalSection(SolutionProperties) = preSolution
		HideSolutionNode = FALSE
	EndGlobalSection
	GlobalSection(ExtensibilityGlobals) = postSolution
		SolutionGuid = {7C9F0929-08B7-48FD-8573-BCE517BB4E61}
	EndGlobalSection
EndGlobal
